
Microsoft Visual Studio Solution File, Format Version 12.00
# Visual Studio Version 17
VisualStudioVersion = 17.6.33723.286
MinimumVisualStudioVersion = 10.0.40219.1
Project("{9A19103F-16F7-4668-BE54-9A1E7A4F7556}") = "Movies.Api", "Movies.API\Movies.Api.csproj", "{9F6830DA-9274-453E-B075-FE09F626B8A6}"
EndProject
Project("{9A19103F-16F7-4668-BE54-9A1E7A4F7556}") = "Movies.Contract", "Movies.Contract\Movies.Contract.csproj", "{61613B34-BBA2-4C48-A314-3BF8BD4291BC}"
EndProject
Project("{9A19103F-16F7-4668-BE54-9A1E7A4F7556}") = "Movies.Application", "Movies.Application\Movies.Application.csproj", "{19041819-E32A-4581-9758-24100FEC07E5}"
EndProject
Project("{9A19103F-16F7-4668-BE54-9A1E7A4F7556}") = "Identity.Api", "..\Identity.API\Identity.Api\Identity.Api.csproj", "{A4765480-3F98-4BB8-B7D6-9C8FB807B02E}"
EndProject
Global
	GlobalSection(SolutionConfigurationPlatforms) = preSolution
		Debug|Any CPU = Debug|Any CPU
		Release|Any CPU = Release|Any CPU
	EndGlobalSection
	GlobalSection(ProjectConfigurationPlatforms) = postSolution
		{9F6830DA-9274-453E-B075-FE09F626B8A6}.Debug|Any CPU.ActiveCfg = Debug|Any CPU
		{9F6830DA-9274-453E-B075-FE09F626B8A6}.Debug|Any CPU.Build.0 = Debug|Any CPU
		{9F6830DA-9274-453E-B075-FE09F626B8A6}.Release|Any CPU.ActiveCfg = Release|Any CPU
		{9F6830DA-9274-453E-B075-FE09F626B8A6}.Release|Any CPU.Build.0 = Release|Any CPU
		{61613B34-BBA2-4C48-A314-3BF8BD4291BC}.Debug|Any CPU.ActiveCfg = Debug|Any CPU
		{61613B34-BBA2-4C48-A314-3BF8BD4291BC}.Debug|Any CPU.Build.0 = Debug|Any CPU
		{61613B34-BBA2-4C48-A314-3BF8BD4291BC}.Release|Any CPU.ActiveCfg = Release|Any CPU
		{61613B34-BBA2-4C48-A314-3BF8BD4291BC}.Release|Any CPU.Build.0 = Release|Any CPU
		{19041819-E32A-4581-9758-24100FEC07E5}.Debug|Any CPU.ActiveCfg = Debug|Any CPU
		{19041819-E32A-4581-9758-24100FEC07E5}.Debug|Any CPU.Build.0 = Debug|Any CPU
		{19041819-E32A-4581-9758-24100FEC07E5}.Release|Any CPU.ActiveCfg = Release|Any CPU
		{19041819-E32A-4581-9758-24100FEC07E5}.Release|Any CPU.Build.0 = Release|Any CPU
		{A4765480-3F98-4BB8-B7D6-9C8FB807B02E}.Debug|Any CPU.ActiveCfg = Debug|Any CPU
		{A4765480-3F98-4BB8-B7D6-9C8FB807B02E}.Debug|Any CPU.Build.0 = Debug|Any CPU
		{A4765480-3F98-4BB8-B7D6-9C8FB807B02E}.Release|Any CPU.ActiveCfg = Release|Any CPU
		{A4765480-3F98-4BB8-B7D6-9C8FB807B02E}.Release|Any CPU.Build.0 = Release|Any CPU
	EndGlobalSection
	GlobalSection(SolutionProperties) = preSolution
		HideSolutionNode = FALSE
	EndGlobalSection
	GlobalSection(ExtensibilityGlobals) = postSolution
		SolutionGuid = {612E317C-6BB0-450F-BA76-964A4B322DB9}
	EndGlobalSection
EndGlobal
